Microsoft Visual Studio Solution File, Format Version 12.00
# Visual Studio Version 17
VisualStudioVersion = 17.7.34221.43
MinimumVisualStudioVersion = 10.0.40219.1
Project("{9A19103F-16F7-4668-BE54-9A1E7A4F7556}") = "Domain", "Domain\Domain.csproj", "{C3078A1F-0FF6-4B31-AD25-BEBAE67CC20E}"
EndProject
Project("{9A19103F-16F7-4668-BE54-9A1E7A4F7556}") = "Api", "Api\Api.csproj", "{1773648D-88D2-4553-8B8E-DF7829791C64}"
	ProjectSection(ProjectDependencies) = postProject
		{C3078A1F-0FF6-4B31-AD25-BEBAE67CC20E} = {C3078A1F-0FF6-4B31-AD25-BEBAE67CC20E}
	EndProjectSection
EndProject
Project("{9A19103F-16F7-4668-BE54-9A1E7A4F7556}") = "Logic", "Logic\Logic.csproj", "{3EF72214-BB4D-49D4-8DED-E224FB0D1523}"
EndProject
Project("{9A19103F-16F7-4668-BE54-9A1E7A4F7556}") = "Infrastructure", "Infrastructure\Infrastructure.csproj", "{E68E6B7F-19CE-407F-A779-6FBC1F0D175F}"
EndProject
Project("{9A19103F-16F7-4668-BE54-9A1E7A4F7556}") = "ApiTests", "Tests\ApiTests\ApiTests.csproj", "{A9A92D5B-0070-4A6A-AF68-5701A62227F4}"
EndProject
Project("{9A19103F-16F7-4668-BE54-9A1E7A4F7556}") = "LogicTests", "Tests\LogicTests\LogicTests.csproj", "{441970D7-2995-4174-9E79-83EFE6820453}"
EndProject
Project("{FAE04EC0-301F-11D3-BF4B-00C04F79EFBC}") = "InfrastructureTests", "Tests\InfrastructureTests\InfrastructureTests.csproj", "{39880182-981B-435E-9322-BBBCADE0EAE6}"
EndProject
Global
	GlobalSection(SolutionConfigurationPlatforms) = preSolution
		Debug|Any CPU = Debug|Any CPU
		Release|Any CPU = Release|Any CPU
	EndGlobalSection
	GlobalSection(ProjectConfigurationPlatforms) = postSolution
		{C3078A1F-0FF6-4B31-AD25-BEBAE67CC20E}.Debug|Any CPU.ActiveCfg = Debug|Any CPU
		{C3078A1F-0FF6-4B31-AD25-BEBAE67CC20E}.Debug|Any CPU.Build.0 = Debug|Any CPU
		{C3078A1F-0FF6-4B31-AD25-BEBAE67CC20E}.Release|Any CPU.ActiveCfg = Release|Any CPU
		{C3078A1F-0FF6-4B31-AD25-BEBAE67CC20E}.Release|Any CPU.Build.0 = Release|Any CPU
		{1773648D-88D2-4553-8B8E-DF7829791C64}.Debug|Any CPU.ActiveCfg = Debug|Any CPU
		{1773648D-88D2-4553-8B8E-DF7829791C64}.Debug|Any CPU.Build.0 = Debug|Any CPU
		{1773648D-88D2-4553-8B8E-DF7829791C64}.Release|Any CPU.ActiveCfg = Release|Any CPU
		{1773648D-88D2-4553-8B8E-DF7829791C64}.Release|Any CPU.Build.0 = Release|Any CPU
		{3EF72214-BB4D-49D4-8DED-E224FB0D1523}.Debug|Any CPU.ActiveCfg = Debug|Any CPU
		{3EF72214-BB4D-49D4-8DED-E224FB0D1523}.Debug|Any CPU.Build.0 = Debug|Any CPU
		{3EF72214-BB4D-49D4-8DED-E224FB0D1523}.Release|Any CPU.ActiveCfg = Release|Any CPU
		{3EF72214-BB4D-49D4-8DED-E224FB0D1523}.Release|Any CPU.Build.0 = Release|Any CPU
		{E68E6B7F-19CE-407F-A779-6FBC1F0D175F}.Debug|Any CPU.ActiveCfg = Debug|Any CPU
		{E68E6B7F-19CE-407F-A779-6FBC1F0D175F}.Debug|Any CPU.Build.0 = Debug|Any CPU
		{E68E6B7F-19CE-407F-A779-6FBC1F0D175F}.Release|Any CPU.ActiveCfg = Release|Any CPU
		{E68E6B7F-19CE-407F-A779-6FBC1F0D175F}.Release|Any CPU.Build.0 = Release|Any CPU
		{A9A92D5B-0070-4A6A-AF68-5701A62227F4}.Debug|Any CPU.ActiveCfg = Debug|Any CPU
		{A9A92D5B-0070-4A6A-AF68-5701A62227F4}.Debug|Any CPU.Build.0 = Debug|Any CPU
		{A9A92D5B-0070-4A6A-AF68-5701A62227F4}.Release|Any CPU.ActiveCfg = Release|Any CPU
		{A9A92D5B-0070-4A6A-AF68-5701A62227F4}.Release|Any CPU.Build.0 = Release|Any CPU
		{441970D7-2995-4174-9E79-83EFE6820453}.Debug|Any CPU.ActiveCfg = Debug|Any CPU
		{441970D7-2995-4174-9E79-83EFE6820453}.Debug|Any CPU.Build.0 = Debug|Any CPU
		{441970D7-2995-4174-9E79-83EFE6820453}.Release|Any CPU.ActiveCfg = Release|Any CPU
		{441970D7-2995-4174-9E79-83EFE6820453}.Release|Any CPU.Build.0 = Release|Any CPU
		{39880182-981B-435E-9322-BBBCADE0EAE6}.Debug|Any CPU.ActiveCfg = Debug|Any CPU
		{39880182-981B-435E-9322-BBBCADE0EAE6}.Debug|Any CPU.Build.0 = Debug|Any CPU
		{39880182-981B-435E-9322-BBBCADE0EAE6}.Release|Any CPU.ActiveCfg = Release|Any CPU
		{39880182-981B-435E-9322-BBBCADE0EAE6}.Release|Any CPU.Build.0 = Release|Any CPU
	EndGlobalSection
	GlobalSection(SolutionProperties) = preSolution
		HideSolutionNode = FALSE
	EndGlobalSection
	GlobalSection(ExtensibilityGlobals) = postSolution
		SolutionGuid = {369E1656-133A-49EF-B41D-AF640AC1A8DF}
	EndGlobalSection
EndGlobal
