Microsoft Visual Studio Solution File, Format Version 12.00
# Visual Studio Version 17
VisualStudioVersion = 17.7.34221.43
MinimumVisualStudioVersion = 10.0.40219.1
Project("{9A19103F-16F7-4668-BE54-9A1E7A4F7556}") = "Domain", "Domain\Domain.csproj", "{C3078A1F-0FF6-4B31-AD25-BEBAE67CC20E}"
EndProject
Project("{9A19103F-16F7-4668-BE54-9A1E7A4F7556}") = "Api", "Api\Api.csproj", "{1773648D-88D2-4553-8B8E-DF7829791C64}"
	ProjectSection(ProjectDependencies) = postProject
		{C3078A1F-0FF6-4B31-AD25-BEBAE67CC20E} = {C3078A1F-0FF6-4B31-AD25-BEBAE67CC20E}
	EndProjectSection
EndProject
Project("{9A19103F-16F7-4668-BE54-9A1E7A4F7556}") = "Logic", "Logic\Logic.csproj", "{3EF72214-BB4D-49D4-8DED-E224FB0D1523}"
EndProject
Project("{9A19103F-16F7-4668-BE54-9A1E7A4F7556}") = "Infrastructure", "Infrastructure\Infrastructure.csproj", "{E68E6B7F-19CE-407F-A779-6FBC1F0D175F}"
EndProject
Project("{9A19103F-16F7-4668-BE54-9A1E7A4F7556}") = "ApiTests", "Tests\ApiTests\ApiTests.csproj", "{22F798B7-F7D6-4DB9-B247-E4CC49451B0F}"
EndProject
Project("{9A19103F-16F7-4668-BE54-9A1E7A4F7556}") = "DomainTests", "Tests\DomainTests\DomainTests.csproj", "{84C65B6B-507E-4196-B4CC-D1145FA38379}"
EndProject
Project("{9A19103F-16F7-4668-BE54-9A1E7A4F7556}") = "LogicTests", "Tests\LogicTests\LogicTests.csproj", "{F08FEF6B-F12B-4355-86D0-27EB4CF78837}"
EndProject
Project("{FAE04EC0-301F-11D3-BF4B-00C04F79EFBC}") = "InfrastructureTests", "Tests\InfrastructureTests\InfrastructureTests.csproj", "{B9DC554F-E604-42E9-9CDC-B9F0813EFC49}"
EndProject
Project("{2150E333-8FDC-42A3-9474-1A3956D46DE8}") = "Tests", "Tests", "{4610CDEE-BB12-4BD3-9BE2-9E03FDC20AB7}"
EndProject
Project("{2150E333-8FDC-42A3-9474-1A3956D46DE8}") = "Providers", "Providers", "{AA322DC9-F91C-487E-AE23-CE7ED560EBCB}"
EndProject
Project("{2150E333-8FDC-42A3-9474-1A3956D46DE8}") = "Provider1", "Provider1", "{EB29C4FC-8565-4247-9AC8-8DB74B47446C}"
EndProject
Project("{2150E333-8FDC-42A3-9474-1A3956D46DE8}") = "Provider2", "Provider2", "{849D0902-C82A-4D2D-A3DB-958BE2291035}"
EndProject
Project("{9A19103F-16F7-4668-BE54-9A1E7A4F7556}") = "Domain", "Providers\Provider1\Domain\Domain.csproj", "{D0FD94F8-C753-461D-B191-A035D8C4E858}"
EndProject
Project("{9A19103F-16F7-4668-BE54-9A1E7A4F7556}") = "Logic", "Providers\Provider1\Logic\Logic.csproj", "{1A27D574-4B3D-44AE-9A4B-791FF53A1C08}"
EndProject
Project("{9A19103F-16F7-4668-BE54-9A1E7A4F7556}") = "Api", "Providers\Provider1\Api\Api.csproj", "{49CEC304-E474-4432-843C-7850B7E2BE48}"
EndProject
Global
	GlobalSection(SolutionConfigurationPlatforms) = preSolution
		Debug|Any CPU = Debug|Any CPU
		Release|Any CPU = Release|Any CPU
	EndGlobalSection
	GlobalSection(ProjectConfigurationPlatforms) = postSolution
		{C3078A1F-0FF6-4B31-AD25-BEBAE67CC20E}.Debug|Any CPU.ActiveCfg = Debug|Any CPU
		{C3078A1F-0FF6-4B31-AD25-BEBAE67CC20E}.Debug|Any CPU.Build.0 = Debug|Any CPU
		{C3078A1F-0FF6-4B31-AD25-BEBAE67CC20E}.Release|Any CPU.ActiveCfg = Release|Any CPU
		{C3078A1F-0FF6-4B31-AD25-BEBAE67CC20E}.Release|Any CPU.Build.0 = Release|Any CPU
		{1773648D-88D2-4553-8B8E-DF7829791C64}.Debug|Any CPU.ActiveCfg = Debug|Any CPU
		{1773648D-88D2-4553-8B8E-DF7829791C64}.Debug|Any CPU.Build.0 = Debug|Any CPU
		{1773648D-88D2-4553-8B8E-DF7829791C64}.Release|Any CPU.ActiveCfg = Release|Any CPU
		{1773648D-88D2-4553-8B8E-DF7829791C64}.Release|Any CPU.Build.0 = Release|Any CPU
		{3EF72214-BB4D-49D4-8DED-E224FB0D1523}.Debug|Any CPU.ActiveCfg = Debug|Any CPU
		{3EF72214-BB4D-49D4-8DED-E224FB0D1523}.Debug|Any CPU.Build.0 = Debug|Any CPU
		{3EF72214-BB4D-49D4-8DED-E224FB0D1523}.Release|Any CPU.ActiveCfg = Release|Any CPU
		{3EF72214-BB4D-49D4-8DED-E224FB0D1523}.Release|Any CPU.Build.0 = Release|Any CPU
		{E68E6B7F-19CE-407F-A779-6FBC1F0D175F}.Debug|Any CPU.ActiveCfg = Debug|Any CPU
		{E68E6B7F-19CE-407F-A779-6FBC1F0D175F}.Debug|Any CPU.Build.0 = Debug|Any CPU
		{E68E6B7F-19CE-407F-A779-6FBC1F0D175F}.Release|Any CPU.ActiveCfg = Release|Any CPU
		{E68E6B7F-19CE-407F-A779-6FBC1F0D175F}.Release|Any CPU.Build.0 = Release|Any CPU
		{22F798B7-F7D6-4DB9-B247-E4CC49451B0F}.Debug|Any CPU.ActiveCfg = Debug|Any CPU
		{22F798B7-F7D6-4DB9-B247-E4CC49451B0F}.Debug|Any CPU.Build.0 = Debug|Any CPU
		{22F798B7-F7D6-4DB9-B247-E4CC49451B0F}.Release|Any CPU.ActiveCfg = Release|Any CPU
		{22F798B7-F7D6-4DB9-B247-E4CC49451B0F}.Release|Any CPU.Build.0 = Release|Any CPU
		{84C65B6B-507E-4196-B4CC-D1145FA38379}.Debug|Any CPU.ActiveCfg = Debug|Any CPU
		{84C65B6B-507E-4196-B4CC-D1145FA38379}.Debug|Any CPU.Build.0 = Debug|Any CPU
		{84C65B6B-507E-4196-B4CC-D1145FA38379}.Release|Any CPU.ActiveCfg = Release|Any CPU
		{84C65B6B-507E-4196-B4CC-D1145FA38379}.Release|Any CPU.Build.0 = Release|Any CPU
		{F08FEF6B-F12B-4355-86D0-27EB4CF78837}.Debug|Any CPU.ActiveCfg = Debug|Any CPU
		{F08FEF6B-F12B-4355-86D0-27EB4CF78837}.Debug|Any CPU.Build.0 = Debug|Any CPU
		{F08FEF6B-F12B-4355-86D0-27EB4CF78837}.Release|Any CPU.ActiveCfg = Release|Any CPU
		{F08FEF6B-F12B-4355-86D0-27EB4CF78837}.Release|Any CPU.Build.0 = Release|Any CPU
		{B9DC554F-E604-42E9-9CDC-B9F0813EFC49}.Debug|Any CPU.ActiveCfg = Debug|Any CPU
		{B9DC554F-E604-42E9-9CDC-B9F0813EFC49}.Debug|Any CPU.Build.0 = Debug|Any CPU
		{B9DC554F-E604-42E9-9CDC-B9F0813EFC49}.Release|Any CPU.ActiveCfg = Release|Any CPU
		{B9DC554F-E604-42E9-9CDC-B9F0813EFC49}.Release|Any CPU.Build.0 = Release|Any CPU
		{D0FD94F8-C753-461D-B191-A035D8C4E858}.Debug|Any CPU.ActiveCfg = Debug|Any CPU
		{D0FD94F8-C753-461D-B191-A035D8C4E858}.Debug|Any CPU.Build.0 = Debug|Any CPU
		{D0FD94F8-C753-461D-B191-A035D8C4E858}.Release|Any CPU.ActiveCfg = Release|Any CPU
		{D0FD94F8-C753-461D-B191-A035D8C4E858}.Release|Any CPU.Build.0 = Release|Any CPU
		{1A27D574-4B3D-44AE-9A4B-791FF53A1C08}.Debug|Any CPU.ActiveCfg = Debug|Any CPU
		{1A27D574-4B3D-44AE-9A4B-791FF53A1C08}.Debug|Any CPU.Build.0 = Debug|Any CPU
		{1A27D574-4B3D-44AE-9A4B-791FF53A1C08}.Release|Any CPU.ActiveCfg = Release|Any CPU
		{1A27D574-4B3D-44AE-9A4B-791FF53A1C08}.Release|Any CPU.Build.0 = Release|Any CPU
		{49CEC304-E474-4432-843C-7850B7E2BE48}.Debug|Any CPU.ActiveCfg = Debug|Any CPU
		{49CEC304-E474-4432-843C-7850B7E2BE48}.Debug|Any CPU.Build.0 = Debug|Any CPU
		{49CEC304-E474-4432-843C-7850B7E2BE48}.Release|Any CPU.ActiveCfg = Release|Any CPU
		{49CEC304-E474-4432-843C-7850B7E2BE48}.Release|Any CPU.Build.0 = Release|Any CPU
	EndGlobalSection
	GlobalSection(SolutionProperties) = preSolution
		HideSolutionNode = FALSE
	EndGlobalSection
	GlobalSection(NestedProjects) = preSolution
		{22F798B7-F7D6-4DB9-B247-E4CC49451B0F} = {4610CDEE-BB12-4BD3-9BE2-9E03FDC20AB7}
		{84C65B6B-507E-4196-B4CC-D1145FA38379} = {4610CDEE-BB12-4BD3-9BE2-9E03FDC20AB7}
		{F08FEF6B-F12B-4355-86D0-27EB4CF78837} = {4610CDEE-BB12-4BD3-9BE2-9E03FDC20AB7}
		{B9DC554F-E604-42E9-9CDC-B9F0813EFC49} = {4610CDEE-BB12-4BD3-9BE2-9E03FDC20AB7}
		{EB29C4FC-8565-4247-9AC8-8DB74B47446C} = {AA322DC9-F91C-487E-AE23-CE7ED560EBCB}
		{849D0902-C82A-4D2D-A3DB-958BE2291035} = {AA322DC9-F91C-487E-AE23-CE7ED560EBCB}
		{D0FD94F8-C753-461D-B191-A035D8C4E858} = {EB29C4FC-8565-4247-9AC8-8DB74B47446C}
		{1A27D574-4B3D-44AE-9A4B-791FF53A1C08} = {EB29C4FC-8565-4247-9AC8-8DB74B47446C}
		{49CEC304-E474-4432-843C-7850B7E2BE48} = {EB29C4FC-8565-4247-9AC8-8DB74B47446C}
	EndGlobalSection
	GlobalSection(ExtensibilityGlobals) = postSolution
		SolutionGuid = {369E1656-133A-49EF-B41D-AF640AC1A8DF}
	EndGlobalSection
EndGlobal
